
Microsoft Visual Studio Solution File, Format Version 12.00
# Visual Studio Version 17
VisualStudioVersion = 17.9.34714.143
MinimumVisualStudioVersion = 10.0.40219.1
Project("{FAE04EC0-301F-11D3-BF4B-00C04F79EFBC}") = "POO_Renato", "POO_Renato.csproj", "{D867685C-78BF-46D2-A85A-7271B76EAF26}"
EndProject
Global
	GlobalSection(SolutionConfigurationPlatforms) = preSolution
		Debug|Any CPU = Debug|Any CPU
		Release|Any CPU = Release|Any CPU
	EndGlobalSection
	GlobalSection(ProjectConfigurationPlatforms) = postSolution
		{D867685C-78BF-46D2-A85A-7271B76EAF26}.Debug|Any CPU.ActiveCfg = Debug|Any CPU
		{D867685C-78BF-46D2-A85A-7271B76EAF26}.Debug|Any CPU.Build.0 = Debug|Any CPU
		{D867685C-78BF-46D2-A85A-7271B76EAF26}.Release|Any CPU.ActiveCfg = Release|Any CPU
		{D867685C-78BF-46D2-A85A-7271B76EAF26}.Release|Any CPU.Build.0 = Release|Any CPU
	EndGlobalSection
	GlobalSection(SolutionProperties) = preSolution
		HideSolutionNode = FALSE
	EndGlobalSection
	GlobalSection(ExtensibilityGlobals) = postSolution
		SolutionGuid = {6FB1E0CC-BF24-44EA-8A0E-8AE905876440}
	EndGlobalSection
EndGlobal
